
Microsoft Visual Studio Solution File, Format Version 12.00
# Visual Studio Version 17
VisualStudioVersion = 17.14.36327.8 d17.14
MinimumVisualStudioVersion = 10.0.40219.1
Project("{FAE04EC0-301F-11D3-BF4B-00C04F79EFBC}") = "TcpServerConsoleApp", "TcpServerConsoleApp\TcpServerConsoleApp.csproj", "{28B6FEEA-F856-4BF3-8736-AE6E09CD1DE1}"
EndProject
Project("{FAE04EC0-301F-11D3-BF4B-00C04F79EFBC}") = "TcpClientConsoleApp", "TcpClientConsoleApp\TcpClientConsoleApp.csproj", "{57E95BCB-A2AC-410D-A89C-CF079190EF80}"
EndProject
Global
	GlobalSection(SolutionConfigurationPlatforms) = preSolution
		Debug|Any CPU = Debug|Any CPU
		Release|Any CPU = Release|Any CPU
	EndGlobalSection
	GlobalSection(ProjectConfigurationPlatforms) = postSolution
		{28B6FEEA-F856-4BF3-8736-AE6E09CD1DE1}.Debug|Any CPU.ActiveCfg = Debug|Any CPU
		{28B6FEEA-F856-4BF3-8736-AE6E09CD1DE1}.Debug|Any CPU.Build.0 = Debug|Any CPU
		{28B6FEEA-F856-4BF3-8736-AE6E09CD1DE1}.Release|Any CPU.ActiveCfg = Release|Any CPU
		{28B6FEEA-F856-4BF3-8736-AE6E09CD1DE1}.Release|Any CPU.Build.0 = Release|Any CPU
		{57E95BCB-A2AC-410D-A89C-CF079190EF80}.Debug|Any CPU.ActiveCfg = Debug|Any CPU
		{57E95BCB-A2AC-410D-A89C-CF079190EF80}.Debug|Any CPU.Build.0 = Debug|Any CPU
		{57E95BCB-A2AC-410D-A89C-CF079190EF80}.Release|Any CPU.ActiveCfg = Release|Any CPU
		{57E95BCB-A2AC-410D-A89C-CF079190EF80}.Release|Any CPU.Build.0 = Release|Any CPU
	EndGlobalSection
	GlobalSection(SolutionProperties) = preSolution
		HideSolutionNode = FALSE
	EndGlobalSection
	GlobalSection(ExtensibilityGlobals) = postSolution
		SolutionGuid = {C89FCBE6-9CC3-4461-B470-38DC1F9A9F41}
	EndGlobalSection
EndGlobal
